
Microsoft Visual Studio Solution File, Format Version 12.00
# Visual Studio Version 17
VisualStudioVersion = 17.0.31903.59
MinimumVisualStudioVersion = 10.0.40219.1
Project("{FAE04EC0-301F-11D3-BF4B-00C04F79EFBC}") = "Wryco.API", "Wryco.API\Wryco.API.csproj", "{BE8C8DEB-DF47-4DB0-B574-F646F100038D}"
EndProject
Project("{FAE04EC0-301F-11D3-BF4B-00C04F79EFBC}") = "Wryco.DAL", "Wryco.DAL\Wryco.DAL.csproj", "{F20C7BED-8852-4DD2-B63C-D88B2D485502}"
EndProject
Project("{FAE04EC0-301F-11D3-BF4B-00C04F79EFBC}") = "Wryco.Service", "Wryco.Service\Wryco.Service.csproj", "{11FF65C3-073F-478A-ABCC-D36C8F48BDB5}"
EndProject
Project("{FAE04EC0-301F-11D3-BF4B-00C04F79EFBC}") = "Wryco.Test", "Wryco.Test\Wryco.Test.csproj", "{76451318-D5A3-4334-B0BE-D4F687AFAC80}"
EndProject
Global
	GlobalSection(SolutionConfigurationPlatforms) = preSolution
		Debug|Any CPU = Debug|Any CPU
		Debug|x64 = Debug|x64
		Debug|x86 = Debug|x86
		Release|Any CPU = Release|Any CPU
		Release|x64 = Release|x64
		Release|x86 = Release|x86
	EndGlobalSection
	GlobalSection(ProjectConfigurationPlatforms) = postSolution
		{BE8C8DEB-DF47-4DB0-B574-F646F100038D}.Debug|Any CPU.ActiveCfg = Debug|Any CPU
		{BE8C8DEB-DF47-4DB0-B574-F646F100038D}.Debug|Any CPU.Build.0 = Debug|Any CPU
		{BE8C8DEB-DF47-4DB0-B574-F646F100038D}.Debug|x64.ActiveCfg = Debug|Any CPU
		{BE8C8DEB-DF47-4DB0-B574-F646F100038D}.Debug|x64.Build.0 = Debug|Any CPU
		{BE8C8DEB-DF47-4DB0-B574-F646F100038D}.Debug|x86.ActiveCfg = Debug|Any CPU
		{BE8C8DEB-DF47-4DB0-B574-F646F100038D}.Debug|x86.Build.0 = Debug|Any CPU
		{BE8C8DEB-DF47-4DB0-B574-F646F100038D}.Release|Any CPU.ActiveCfg = Release|Any CPU
		{BE8C8DEB-DF47-4DB0-B574-F646F100038D}.Release|Any CPU.Build.0 = Release|Any CPU
		{BE8C8DEB-DF47-4DB0-B574-F646F100038D}.Release|x64.ActiveCfg = Release|Any CPU
		{BE8C8DEB-DF47-4DB0-B574-F646F100038D}.Release|x64.Build.0 = Release|Any CPU
		{BE8C8DEB-DF47-4DB0-B574-F646F100038D}.Release|x86.ActiveCfg = Release|Any CPU
		{BE8C8DEB-DF47-4DB0-B574-F646F100038D}.Release|x86.Build.0 = Release|Any CPU
		{F20C7BED-8852-4DD2-B63C-D88B2D485502}.Debug|Any CPU.ActiveCfg = Debug|Any CPU
		{F20C7BED-8852-4DD2-B63C-D88B2D485502}.Debug|Any CPU.Build.0 = Debug|Any CPU
		{F20C7BED-8852-4DD2-B63C-D88B2D485502}.Debug|x64.ActiveCfg = Debug|Any CPU
		{F20C7BED-8852-4DD2-B63C-D88B2D485502}.Debug|x64.Build.0 = Debug|Any CPU
		{F20C7BED-8852-4DD2-B63C-D88B2D485502}.Debug|x86.ActiveCfg = Debug|Any CPU
		{F20C7BED-8852-4DD2-B63C-D88B2D485502}.Debug|x86.Build.0 = Debug|Any CPU
		{F20C7BED-8852-4DD2-B63C-D88B2D485502}.Release|Any CPU.ActiveCfg = Release|Any CPU
		{F20C7BED-8852-4DD2-B63C-D88B2D485502}.Release|Any CPU.Build.0 = Release|Any CPU
		{F20C7BED-8852-4DD2-B63C-D88B2D485502}.Release|x64.ActiveCfg = Release|Any CPU
		{F20C7BED-8852-4DD2-B63C-D88B2D485502}.Release|x64.Build.0 = Release|Any CPU
		{F20C7BED-8852-4DD2-B63C-D88B2D485502}.Release|x86.ActiveCfg = Release|Any CPU
		{F20C7BED-8852-4DD2-B63C-D88B2D485502}.Release|x86.Build.0 = Release|Any CPU
		{11FF65C3-073F-478A-ABCC-D36C8F48BDB5}.Debug|Any CPU.ActiveCfg = Debug|Any CPU
		{11FF65C3-073F-478A-ABCC-D36C8F48BDB5}.Debug|Any CPU.Build.0 = Debug|Any CPU
		{11FF65C3-073F-478A-ABCC-D36C8F48BDB5}.Debug|x64.ActiveCfg = Debug|Any CPU
		{11FF65C3-073F-478A-ABCC-D36C8F48BDB5}.Debug|x64.Build.0 = Debug|Any CPU
		{11FF65C3-073F-478A-ABCC-D36C8F48BDB5}.Debug|x86.ActiveCfg = Debug|Any CPU
		{11FF65C3-073F-478A-ABCC-D36C8F48BDB5}.Debug|x86.Build.0 = Debug|Any CPU
		{11FF65C3-073F-478A-ABCC-D36C8F48BDB5}.Release|Any CPU.ActiveCfg = Release|Any CPU
		{11FF65C3-073F-478A-ABCC-D36C8F48BDB5}.Release|Any CPU.Build.0 = Release|Any CPU
		{11FF65C3-073F-478A-ABCC-D36C8F48BDB5}.Release|x64.ActiveCfg = Release|Any CPU
		{11FF65C3-073F-478A-ABCC-D36C8F48BDB5}.Release|x64.Build.0 = Release|Any CPU
		{11FF65C3-073F-478A-ABCC-D36C8F48BDB5}.Release|x86.ActiveCfg = Release|Any CPU
		{11FF65C3-073F-478A-ABCC-D36C8F48BDB5}.Release|x86.Build.0 = Release|Any CPU
		{76451318-D5A3-4334-B0BE-D4F687AFAC80}.Debug|Any CPU.ActiveCfg = Debug|Any CPU
		{76451318-D5A3-4334-B0BE-D4F687AFAC80}.Debug|Any CPU.Build.0 = Debug|Any CPU
		{76451318-D5A3-4334-B0BE-D4F687AFAC80}.Debug|x64.ActiveCfg = Debug|Any CPU
		{76451318-D5A3-4334-B0BE-D4F687AFAC80}.Debug|x64.Build.0 = Debug|Any CPU
		{76451318-D5A3-4334-B0BE-D4F687AFAC80}.Debug|x86.ActiveCfg = Debug|Any CPU
		{76451318-D5A3-4334-B0BE-D4F687AFAC80}.Debug|x86.Build.0 = Debug|Any CPU
		{76451318-D5A3-4334-B0BE-D4F687AFAC80}.Release|Any CPU.ActiveCfg = Release|Any CPU
		{76451318-D5A3-4334-B0BE-D4F687AFAC80}.Release|Any CPU.Build.0 = Release|Any CPU
		{76451318-D5A3-4334-B0BE-D4F687AFAC80}.Release|x64.ActiveCfg = Release|Any CPU
		{76451318-D5A3-4334-B0BE-D4F687AFAC80}.Release|x64.Build.0 = Release|Any CPU
		{76451318-D5A3-4334-B0BE-D4F687AFAC80}.Release|x86.ActiveCfg = Release|Any CPU
		{76451318-D5A3-4334-B0BE-D4F687AFAC80}.Release|x86.Build.0 = Release|Any CPU
	EndGlobalSection
	GlobalSection(SolutionProperties) = preSolution
		HideSolutionNode = FALSE
	EndGlobalSection
EndGlobal
